// !$*UTF8*$!
{
	archiveVersion = 1;
	classes = {
	};
	objectVersion = 46;
	objects = {

/* Begin PBXBuildFile section */
		5307047C1F444ADE00FD9C69 /* main.m in Sources */ = {isa = PBXBuildFile; fileRef = 5307047B1F444ADE00FD9C69 /* main.m */; };
		5307047F1F444ADE00FD9C69 /* AppDelegate.m in Sources */ = {isa = PBXBuildFile; fileRef = 5307047E1F444ADE00FD9C69 /* AppDelegate.m */; };
		530704821F444ADE00FD9C69 /* ViewController.m in Sources */ = {isa = PBXBuildFile; fileRef = 530704811F444ADE00FD9C69 /* ViewController.m */; };
		530704851F444ADE00FD9C69 /* Main.storyboard in Resources */ = {isa = PBXBuildFile; fileRef = 530704831F444ADE00FD9C69 /* Main.storyboard */; };
		5307048A1F444ADF00FD9C69 /* LaunchScreen.storyboard in Resources */ = {isa = PBXBuildFile; fileRef = 530704881F444ADF00FD9C69 /* LaunchScreen.storyboard */; };
		530704931F444B1C00FD9C69 /* Social.framework in Frameworks */ = {isa = PBXBuildFile; fileRef = 530704921F444B1C00FD9C69 /* Social.framework */; };
		530704961F444C1000FD9C69 /* CustomActivity.m in Sources */ = {isa = PBXBuildFile; fileRef = 530704951F444C1000FD9C69 /* CustomActivity.m */; };
		533758941F457B4C006F3BD3 /* WeiXinController.m in Sources */ = {isa = PBXBuildFile; fileRef = 533758921F457B4C006F3BD3 /* WeiXinController.m */; };
		533758971F457C6E006F3BD3 /* Assets.xcassets in Resources */ = {isa = PBXBuildFile; fileRef = 533758961F457C6E006F3BD3 /* Assets.xcassets */; };
/* End PBXBuildFile section */

/* Begin PBXFileReference section */
		530704771F444ADE00FD9C69 /* UIActivityViewController.app */ = {isa = PBXFileReference; explicitFileType = wrapper.application; includeInIndex = 0; path = UIActivityViewController.app; sourceTree = BUILT_PRODUCTS_DIR; };
		5307047B1F444ADE00FD9C69 /* main.m */ = {isa = PBXFileReference; lastKnownFileType = sourcecode.c.objc; path = main.m; sourceTree = "<group>"; };
		5307047D1F444ADE00FD9C69 /* AppDelegate.h */ = {isa = PBXFileReference; lastKnownFileType = sourcecode.c.h; path = AppDelegate.h; sourceTree = "<group>"; };
		5307047E1F444ADE00FD9C69 /* AppDelegate.m */ = {isa = PBXFileReference; lastKnownFileType = sourcecode.c.objc; path = AppDelegate.m; sourceTree = "<group>"; };
		530704801F444ADE00FD9C69 /* ViewController.h */ = {isa = PBXFileReference; lastKnownFileType = sourcecode.c.h; path = ViewController.h; sourceTree = "<group>"; };
		530704811F444ADE00FD9C69 /* ViewController.m */ = {isa = PBXFileReference; lastKnownFileType = sourcecode.c.objc; path = ViewController.m; sourceTree = "<group>"; };
		530704841F444ADE00FD9C69 /* Base */ = {isa = PBXFileReference; lastKnownFileType = file.storyboard; name = Base; path = Base.lproj/Main.storyboard; sourceTree = "<group>"; };
		530704891F444ADF00FD9C69 /* Base */ = {isa = PBXFileReference; lastKnownFileType = file.storyboard; name = Base; path = Base.lproj/LaunchScreen.storyboard; sourceTree = "<group>"; };
		5307048B1F444ADF00FD9C69 /* Info.plist */ = {isa = PBXFileReference; lastKnownFileType = text.plist.xml; path = Info.plist; sourceTree = "<group>"; };
		530704921F444B1C00FD9C69 /* Social.framework */ = {isa = PBXFileReference; lastKnownFileType = wrapper.framework; name = Social.framework; path = System/Library/Frameworks/Social.framework; sourceTree = SDKROOT; };
		530704941F444C1000FD9C69 /* CustomActivity.h */ = {isa = PBXFileReference; fileEncoding = 4; lastKnownFileType = sourcecode.c.h; path = CustomActivity.h; sourceTree = "<group>"; };
		530704951F444C1000FD9C69 /* CustomActivity.m */ = {isa = PBXFileReference; fileEncoding = 4; lastKnownFileType = sourcecode.c.objc; path = CustomActivity.m; sourceTree = "<group>"; };
		533758911F457B4C006F3BD3 /* WeiXinController.h */ = {isa = PBXFileReference; fileEncoding = 4; lastKnownFileType = sourcecode.c.h; path = WeiXinController.h; sourceTree = "<group>"; };
		533758921F457B4C006F3BD3 /* WeiXinController.m */ = {isa = PBXFileReference; fileEncoding = 4; lastKnownFileType = sourcecode.c.objc; path = WeiXinController.m; sourceTree = "<group>"; };
		533758961F457C6E006F3BD3 /* Assets.xcassets */ = {isa = PBXFileReference; lastKnownFileType = folder.assetcatalog; path = Assets.xcassets; sourceTree = "<group>"; };
/* End PBXFileReference section */

/* Begin PBXFrameworksBuildPhase section */
		530704741F444ADE00FD9C69 /* Frameworks */ = {
			isa = PBXFrameworksBuildPhase;
			buildActionMask = 2147483647;
			files = (
				530704931F444B1C00FD9C69 /* Social.framework in Frameworks */,
			);
			runOnlyForDeploymentPostprocessing = 0;
		};
/* End PBXFrameworksBuildPhase section */

/* Begin PBXGroup section */
		5307046E1F444ADE00FD9C69 = {
			isa = PBXGroup;
			children = (
				530704791F444ADE00FD9C69 /* UIActivityViewController */,
				530704781F444ADE00FD9C69 /* Products */,
				530704911F444B1C00FD9C69 /* Frameworks */,
			);
			sourceTree = "<group>";
		};
		530704781F444ADE00FD9C69 /* Products */ = {
			isa = PBXGroup;
			children = (
				530704771F444ADE00FD9C69 /* UIActivityViewController.app */,
			);
			name = Products;
			sourceTree = "<group>";
		};
		530704791F444ADE00FD9C69 /* UIActivityViewController */ = {
			isa = PBXGroup;
			children = (
				5307047D1F444ADE00FD9C69 /* AppDelegate.h */,
				5307047E1F444ADE00FD9C69 /* AppDelegate.m */,
				530704801F444ADE00FD9C69 /* ViewController.h */,
				530704811F444ADE00FD9C69 /* ViewController.m */,
				530704941F444C1000FD9C69 /* CustomActivity.h */,
				530704951F444C1000FD9C69 /* CustomActivity.m */,
				533758911F457B4C006F3BD3 /* WeiXinController.h */,
				533758921F457B4C006F3BD3 /* WeiXinController.m */,
				530704831F444ADE00FD9C69 /* Main.storyboard */,
				533758961F457C6E006F3BD3 /* Assets.xcassets */,
				530704881F444ADF00FD9C69 /* LaunchScreen.storyboard */,
				5307048B1F444ADF00FD9C69 /* Info.plist */,
				5307047A1F444ADE00FD9C69 /* Supporting Files */,
			);
			path = UIActivityViewController;
			sourceTree = "<group>";
		};
		5307047A1F444ADE00FD9C69 /* Supporting Files */ = {
			isa = PBXGroup;
			children = (
				5307047B1F444ADE00FD9C69 /* main.m */,
			);
			name = "Supporting Files";
			sourceTree = "<group>";
		};
		530704911F444B1C00FD9C69 /* Frameworks */ = {
			isa = PBXGroup;
			children = (
				530704921F444B1C00FD9C69 /* Social.framework */,
			);
			name = Frameworks;
			sourceTree = "<group>";
		};
/* End PBXGroup section */

/* Begin PBXNativeTarget section */
		530704761F444ADE00FD9C69 /* UIActivityViewController */ = {
			isa = PBXNativeTarget;
			buildConfigurationList = 5307048E1F444ADF00FD9C69 /* Build configuration list for PBXNativeTarget "UIActivityViewController" */;
			buildPhases = (
				530704731F444ADE00FD9C69 /* Sources */,
				530704741F444ADE00FD9C69 /* Frameworks */,
				530704751F444ADE00FD9C69 /* Resources */,
			);
			buildRules = (
			);
			dependencies = (
			);
			name = UIActivityViewController;
			productName = UIActivityViewController;
			productReference = 530704771F444ADE00FD9C69 /* UIActivityViewController.app */;
			productType = "com.apple.product-type.application";
		};
/* End PBXNativeTarget section */

/* Begin PBXProject section */
		5307046F1F444ADE00FD9C69 /* Project object */ = {
			isa = PBXProject;
			attributes = {
				LastUpgradeCheck = 0830;
				ORGANIZATIONNAME = zhudong;
				TargetAttributes = {
					530704761F444ADE00FD9C69 = {
						CreatedOnToolsVersion = 8.3.1;
						ProvisioningStyle = Automatic;
					};
				};
			};
			buildConfigurationList = 530704721F444ADE00FD9C69 /* Build configuration list for PBXProject "UIActivityViewController" */;
			compatibilityVersion = "Xcode 3.2";
			developmentRegion = English;
			hasScannedForEncodings = 0;
			knownRegions = (
				en,
				Base,
			);
			mainGroup = 5307046E1F444ADE00FD9C69;
			productRefGroup = 530704781F444ADE00FD9C69 /* Products */;
			projectDirPath = "";
			projectRoot = "";
			targets = (
				530704761F444ADE00FD9C69 /* UIActivityViewController */,
			);
		};
/* End PBXProject section */

/* Begin PBXResourcesBuildPhase section */
		530704751F444ADE00FD9C69 /* Resources */ = {
			isa = PBXResourcesBuildPhase;
			buildActionMask = 2147483647;
			files = (
				5307048A1F444ADF00FD9C69 /* LaunchScreen.storyboard in Resources */,
				533758971F457C6E006F3BD3 /* Assets.xcassets in Resources */,
				530704851F444ADE00FD9C69 /* Main.storyboard in Resources */,
			);
			runOnlyForDeploymentPostprocessing = 0;
		};
/* End PBXResourcesBuildPhase section */

/* Begin PBXSourcesBuildPhase section */
		530704731F444ADE00FD9C69 /* Sources */ = {
			isa = PBXSourcesBuildPhase;
			buildActionMask = 2147483647;
			files = (
				530704821F444ADE00FD9C69 /* ViewController.m in Sources */,
				5307047F1F444ADE00FD9C69 /* AppDelegate.m in Sources */,
				5307047C1F444ADE00FD9C69 /* main.m in Sources */,
				530704961F444C1000FD9C69 /* CustomActivity.m in Sources */,
				533758941F457B4C006F3BD3 /* WeiXinController.m in Sources */,
			);
			runOnlyForDeploymentPostprocessing = 0;
		};
/* End PBXSourcesBuildPhase section */

/* Begin PBXVariantGroup section */
		530704831F444ADE00FD9C69 /* Main.storyboard */ = {
			isa = PBXVariantGroup;
			children = (
				530704841F444ADE00FD9C69 /* Base */,
			);
			name = Main.storyboard;
			sourceTree = "<group>";
		};
		530704881F444ADF00FD9C69 /* LaunchScreen.storyboard */ = {
			isa = PBXVariantGroup;
			children = (
				530704891F444ADF00FD9C69 /* Base */,
			);
			name = LaunchScreen.storyboard;
			sourceTree = "<group>";
		};
/* End PBXVariantGroup section */

/* Begin XCBuildConfiguration section */
		5307048C1F444ADF00FD9C69 /* Debug */ = {
			isa = XCBuildConfiguration;
			buildSettings = {
				ALWAYS_SEARCH_USER_PATHS = NO;
				CLANG_ANALYZER_NONNULL = YES;
				CLANG_ANALYZER_NUMBER_OBJECT_CONVERSION = YES_AGGRESSIVE;
				CLANG_CXX_LANGUAGE_STANDARD = "gnu++0x";
				CLANG_CXX_LIBRARY = "libc++";
				CLANG_ENABLE_MODULES = YES;
				CLANG_ENABLE_OBJC_ARC = YES;
				CLANG_WARN_BOOL_CONVERSION = YES;
				CLANG_WARN_CONSTANT_CONVERSION = YES;
				CLANG_WARN_DIRECT_OBJC_ISA_USAGE = YES_ERROR;
				CLANG_WARN_DOCUMENTATION_COMMENTS = YES;
				CLANG_WARN_EMPTY_BODY = YES;
				CLANG_WARN_ENUM_CONVERSION = YES;
				CLANG_WARN_INFINITE_RECURSION = YES;
				CLANG_WARN_INT_CONVERSION = YES;
				CLANG_WARN_OBJC_ROOT_CLASS = YES_ERROR;
				CLANG_WARN_SUSPICIOUS_MOVE = YES;
				CLANG_WARN_UNREACHABLE_CODE = YES;
				CLANG_WARN__DUPLICATE_METHOD_MATCH = YES;
				"CODE_SIGN_IDENTITY[sdk=iphoneos*]" = "iPhone Developer";
				COPY_PHASE_STRIP = NO;
				DEBUG_INFORMATION_FORMAT = dwarf;
				ENABLE_STRICT_OBJC_MSGSEND = YES;
				ENABLE_TESTABILITY = YES;
				GCC_C_LANGUAGE_STANDARD = gnu99;
				GCC_DYNAMIC_NO_PIC = NO;
				GCC_NO_COMMON_BLOCKS = YES;
				GCC_OPTIMIZATION_LEVEL = 0;
				GCC_PREPROCESSOR_DEFINITIONS = (
					"DEBUG=1",
					"$(inherited)",
				);
				GCC_WARN_64_TO_32_BIT_CONVERSION = YES;
				GCC_WARN_ABOUT_RETURN_TYPE = YES_ERROR;
				GCC_WARN_UNDECLARED_SELECTOR = YES;
				GCC_WARN_UNINITIALIZED_AUTOS = YES_AGGRESSIVE;
				GCC_WARN_UNUSED_FUNCTION = YES;
				GCC_WARN_UNUSED_VARIABLE = YES;
				IPHONEOS_DEPLOYMENT_TARGET = 10.3;
				MTL_ENABLE_DEBUG_INFO = YES;
				ONLY_ACTIVE_ARCH = YES;
				SDKROOT = iphoneos;
			};
			name = Debug;
		};
		5307048D1F444ADF00FD9C69 /* Release */ = {
			isa = XCBuildConfiguration;
			buildSettings = {
				ALWAYS_SEARCH_USER_PATHS = NO;
				CLANG_ANALYZER_NONNULL = YES;
				CLANG_ANALYZER_NUMBER_OBJECT_CONVERSION = YES_AGGRESSIVE;
				CLANG_CXX_LANGUAGE_STANDARD = "gnu++0x";
				CLANG_CXX_LIBRARY = "libc++";
				CLANG_ENABLE_MODULES = YES;
				CLANG_ENABLE_OBJC_ARC = YES;
				CLANG_WARN_BOOL_CONVERSION = YES;
				CLANG_WARN_CONSTANT_CONVERSION = YES;
				CLANG_WARN_DIRECT_OBJC_ISA_USAGE = YES_ERROR;
				CLANG_WARN_DOCUMENTATION_COMMENTS = YES;
				CLANG_WARN_EMPTY_BODY = YES;
				CLANG_WARN_ENUM_CONVERSION = YES;
				CLANG_WARN_INFINITE_RECURSION = YES;
				CLANG_WARN_INT_CONVERSION = YES;
				CLANG_WARN_OBJC_ROOT_CLASS = YES_ERROR;
				CLANG_WARN_SUSPICIOUS_MOVE = YES;
				CLANG_WARN_UNREACHABLE_CODE = YES;
				CLANG_WARN__DUPLICATE_METHOD_MATCH = YES;
				"CODE_SIGN_IDENTITY[sdk=iphoneos*]" = "iPhone Developer";
				COPY_PHASE_STRIP = NO;
				DEBUG_INFORMATION_FORMAT = "dwarf-with-dsym";
				ENABLE_NS_ASSERTIONS = NO;
				ENABLE_STRICT_OBJC_MSGSEND = YES;
				GCC_C_LANGUAGE_STANDARD = gnu99;
				GCC_NO_COMMON_BLOCKS = YES;
				GCC_WARN_64_TO_32_BIT_CONVERSION = YES;
				GCC_WARN_ABOUT_RETURN_TYPE = YES_ERROR;
				GCC_WARN_UNDECLARED_SELECTOR = YES;
				GCC_WARN_UNINITIALIZED_AUTOS = YES_AGGRESSIVE;
				GCC_WARN_UNUSED_FUNCTION = YES;
				GCC_WARN_UNUSED_VARIABLE = YES;
				IPHONEOS_DEPLOYMENT_TARGET = 10.3;
				MTL_ENABLE_DEBUG_INFO = NO;
				SDKROOT = iphoneos;
				VALIDATE_PRODUCT = YES;
			};
			name = Release;
		};
		5307048F1F444ADF00FD9C69 /* Debug */ = {
			isa = XCBuildConfiguration;
			buildSettings = {
				ASSETCATALOG_COMPILER_APPICON_NAME = AppIcon;
				INFOPLIST_FILE = UIActivityViewController/Info.plist;
				LD_RUNPATH_SEARCH_PATHS = "$(inherited) @executable_path/Frameworks";
				PRODUCT_BUNDLE_IDENTIFIER = com.91guoxin.www.UIActivityViewController;
				PRODUCT_NAME = "$(TARGET_NAME)";
			};
			name = Debug;
		};
		530704901F444ADF00FD9C69 /* Release */ = {
			isa = XCBuildConfiguration;
			buildSettings = {
				ASSETCATALOG_COMPILER_APPICON_NAME = AppIcon;
				INFOPLIST_FILE = UIActivityViewController/Info.plist;
				LD_RUNPATH_SEARCH_PATHS = "$(inherited) @executable_path/Frameworks";
				PRODUCT_BUNDLE_IDENTIFIER = com.91guoxin.www.UIActivityViewController;
				PRODUCT_NAME = "$(TARGET_NAME)";
			};
			name = Release;
		};
/* End XCBuildConfiguration section */

/* Begin XCConfigurationList section */
		530704721F444ADE00FD9C69 /* Build configuration list for PBXProject "UIActivityViewController" */ = {
			isa = XCConfigurationList;
			buildConfigurations = (
				5307048C1F444ADF00FD9C69 /* Debug */,
				5307048D1F444ADF00FD9C69 /* Release */,
			);
			defaultConfigurationIsVisible = 0;
			defaultConfigurationName = Release;
		};
		5307048E1F444ADF00FD9C69 /* Build configuration list for PBXNativeTarget "UIActivityViewController" */ = {
			isa = XCConfigurationList;
			buildConfigurations = (
				5307048F1F444ADF00FD9C69 /* Debug */,
				530704901F444ADF00FD9C69 /* Release */,
			);
			defaultConfigurationIsVisible = 0;
			defaultConfigurationName = Release;
		};
/* End XCConfigurationList section */
	};
	rootObject = 5307046F1F444ADE00FD9C69 /* Project object */;
}
